dependencies:
- name: kube2iam
  condition: kube2iam.enabled
  version: "0.21.6"
  repository: "https://fluent.github.io/helm-charts"
- name: deepflow-agent
  repository: https://deepflowys.github.io/deepflow
  version: 6.1.8
- name: grafana-agent-operator
  repository: https://grafana.github.io/helm-charts
  version: 0.2.8
- name: fluent-bit
  repository: https://fluent.github.io/helm-charts
  version: 0.21.6
- name: prometheus
  repository: https://prometheus-community.github.io/helm-charts
  version: 19.0.1
- name: kube-state-metrics
  repository: https://prometheus-community.github.io/helm-charts
  version: 4.24.0
- name: prometheus-node-exporter
  repository: https://prometheus-community.github.io/helm-charts
  version: 3.1.1
digest: sha256:874263a365cae613b4383921d6afc8bb915b3390cda0cf24fb2932d59a6afc6c
generated: "2022-12-26T22:35:47.929252+08:00"
